
Microsoft Visual Studio Solution File, Format Version 12.00
# Visual Studio 15
VisualStudioVersion = 15.0.27130.2010
MinimumVisualStudioVersion = 10.0.40219.1
Project("{FAE04EC0-301F-11D3-BF4B-00C04F79EFBC}") = "Snippets", "Snippets\Snippets.csproj", "{AFC94BAD-172E-455C-8814-8DD04538A64A}"
EndProject
Global
	GlobalSection(SolutionConfigurationPlatforms) = preSolution
		Debug|Any CPU = Debug|Any CPU
		Release|Any CPU = Release|Any CPU
	EndGlobalSection
	GlobalSection(ProjectConfigurationPlatforms) = postSolution
		{AFC94BAD-172E-455C-8814-8DD04538A64A}.Debug|Any CPU.ActiveCfg = Debug|Any CPU
		{AFC94BAD-172E-455C-8814-8DD04538A64A}.Debug|Any CPU.Build.0 = Debug|Any CPU
		{AFC94BAD-172E-455C-8814-8DD04538A64A}.Release|Any CPU.ActiveCfg = Release|Any CPU
		{AFC94BAD-172E-455C-8814-8DD04538A64A}.Release|Any CPU.Build.0 = Release|Any CPU
	EndGlobalSection
	GlobalSection(SolutionProperties) = preSolution
		HideSolutionNode = FALSE
	EndGlobalSection
	GlobalSection(ExtensibilityGlobals) = postSolution
		SolutionGuid = {37815729-E3D9-495C-A5E9-52A121D983CA}
	EndGlobalSection
EndGlobal
